{
  "name": "jst",
  "version": "1.0.0",
  "lockfileVersion": 1,
  "requires": true,
  "dependencies": {
    "eval": {
      "version": "0.1.4",
      "resolved": "https://registry.npmjs.org/eval/-/eval-0.1.4.tgz",
      "integrity": "sha512-npGsebJejyjMRnLdFu+T/97dnigqIU0Ov3IGrZ8ygd1v7RL1vGkEKtvyWZobqUH1AQgKlg0Yqqe2BtMA9/QZLw==",
      "requires": {
        "require-like": ">= 0.1.1"
      }
    },
    "fs": {
      "version": "0.0.1-security",
      "resolved": "https://registry.npmjs.org/fs/-/fs-0.0.1-security.tgz",
      "integrity": "sha1-invTcYa23d84E/I4WLV+yq9eQdQ="
    },
    "require-like": {
      "version": "0.1.2",
      "resolved": "https://registry.npmjs.org/require-like/-/require-like-0.1.2.tgz",
      "integrity": "sha1-rW8wwTvs15cBDEaK+ndcDAprR/o="
    }
  }
}
